{
  "requires": true,
  "lockfileVersion": 1,
  "dependencies": {
    "rails-ujs": {
      "version": "5.2.3",
      "resolved": "https://registry.npmjs.org/rails-ujs/-/rails-ujs-5.2.3.tgz",
      "integrity": "sha512-rYgj185MowWFBJI1wdac2FkX4yFYe4+3jJPlB+CTY7a4rmIyg0TqE4vYZmSBBesp7blPUa57oqKzwQjN7eVbEQ=="
    }
  }
}
